dependencies:
  espressif/mdns:
    component_hash: d8ae7aa491ff97aea1d00d514a1de42cdbaaf1bce10df183968fa5594b904de7
    dependencies:
    - name: idf
      require: private
      version: '>=5.0'
    source:
      registry_url: https://components.espressif.com/
      type: service
    version: 1.2.5
  idf:
    source:
      type: idf
    version: 5.2.2
direct_dependencies:
- espressif/mdns
manifest_hash: c3b94c87f4e7f6400185dd295864ac2a11d6dea38982a89ee366397f983b68f6
target: esp32c3
version: 2.0.0
