dependencies:
  espressif/onewire_bus:
    component_hash: c4c781940d8bd988432b47ac3ee68479c69e14e01fdfba0b61365b233a3ba5d6
    source:
      service_url: https://api.components.espressif.com/
      type: service
    version: 1.0.2
  idf:
    component_hash: null
    source:
      type: idf
    version: 5.1.2
manifest_hash: 59429c29ab45cee54021836bdacb34b12668b492bd889f9948e1421f9daaec00
target: esp32
version: 1.0.0
